
Microsoft Visual Studio Solution File, Format Version 12.00
# Visual Studio Version 17
VisualStudioVersion = 17.0.31903.59
MinimumVisualStudioVersion = 10.0.40219.1
Project("{FAE04EC0-301F-11D3-BF4B-00C04F79EFBC}") = "Code", "Code\Code.csproj", "{8A1E373E-B865-4B25-B4FF-F53B88C36555}"
EndProject
Project("{FAE04EC0-301F-11D3-BF4B-00C04F79EFBC}") = "Tests", "Tests\Tests.csproj", "{FB8ADE0B-821F-466C-A7C2-30286ED69EC8}"
EndProject
Project("{9A19103F-16F7-4668-BE54-9A1E7A4F7556}") = "_build", "..\build\_build.csproj", "{FBB07B45-0C6C-4CAC-BDC3-31F19C3B9B7F}"
EndProject
Global
	GlobalSection(SolutionConfigurationPlatforms) = preSolution
		Debug|Any CPU = Debug|Any CPU
		Release|Any CPU = Release|Any CPU
	EndGlobalSection
	GlobalSection(SolutionProperties) = preSolution
		HideSolutionNode = FALSE
	EndGlobalSection
	GlobalSection(ProjectConfigurationPlatforms) = postSolution
		{FBB07B45-0C6C-4CAC-BDC3-31F19C3B9B7F}.Debug|Any CPU.ActiveCfg = Debug|Any CPU
		{FBB07B45-0C6C-4CAC-BDC3-31F19C3B9B7F}.Release|Any CPU.ActiveCfg = Release|Any CPU
		{8A1E373E-B865-4B25-B4FF-F53B88C36555}.Debug|Any CPU.ActiveCfg = Debug|Any CPU
		{8A1E373E-B865-4B25-B4FF-F53B88C36555}.Debug|Any CPU.Build.0 = Debug|Any CPU
		{8A1E373E-B865-4B25-B4FF-F53B88C36555}.Release|Any CPU.ActiveCfg = Release|Any CPU
		{8A1E373E-B865-4B25-B4FF-F53B88C36555}.Release|Any CPU.Build.0 = Release|Any CPU
		{FB8ADE0B-821F-466C-A7C2-30286ED69EC8}.Debug|Any CPU.ActiveCfg = Debug|Any CPU
		{FB8ADE0B-821F-466C-A7C2-30286ED69EC8}.Debug|Any CPU.Build.0 = Debug|Any CPU
		{FB8ADE0B-821F-466C-A7C2-30286ED69EC8}.Release|Any CPU.ActiveCfg = Release|Any CPU
		{FB8ADE0B-821F-466C-A7C2-30286ED69EC8}.Release|Any CPU.Build.0 = Release|Any CPU
	EndGlobalSection
EndGlobal
